
Microsoft Visual Studio Solution File, Format Version 12.00
# Visual Studio Version 17
VisualStudioVersion = 17.10.35122.118
MinimumVisualStudioVersion = 10.0.40219.1
Project("{9A19103F-16F7-4668-BE54-9A1E7A4F7556}") = "SignalRApi", "SignalRApi\SignalRApi.csproj", "{D0254712-12E0-4FB3-82CB-1506EEA3A289}"
EndProject
Project("{9A19103F-16F7-4668-BE54-9A1E7A4F7556}") = "SignalWebUI", "SignalWebUI\SignalWebUI.csproj", "{7B4D9F84-7D42-466A-88B5-0428D4961AC2}"
EndProject
Project("{9A19103F-16F7-4668-BE54-9A1E7A4F7556}") = "SignalR.EntityLayer", "SignalR.EntityLayer\SignalR.EntityLayer.csproj", "{E09B7D77-66B7-4BFA-81CA-C5A343DF3C71}"
EndProject
Project("{FAE04EC0-301F-11D3-BF4B-00C04F79EFBC}") = "SignalR.DtoLayer", "SignalR.DtoLayer\SignalR.DtoLayer.csproj", "{96083631-1F7E-4A81-A846-1EF303398CB4}"
EndProject
Project("{FAE04EC0-301F-11D3-BF4B-00C04F79EFBC}") = "SignalR.BusinessLayer", "SignalR.BusinessLayer\SignalR.BusinessLayer.csproj", "{629F9030-EBDF-4D1D-877F-7F73C367177B}"
EndProject
Project("{FAE04EC0-301F-11D3-BF4B-00C04F79EFBC}") = "SignalR.DataAccessLayer", "SignalR.DataAccessLayer\SignalR.DataAccessLayer.csproj", "{AA9F9565-011C-43E0-A478-52431295E564}"
EndProject
Global
	GlobalSection(SolutionConfigurationPlatforms) = preSolution
		Debug|Any CPU = Debug|Any CPU
		Release|Any CPU = Release|Any CPU
	EndGlobalSection
	GlobalSection(ProjectConfigurationPlatforms) = postSolution
		{D0254712-12E0-4FB3-82CB-1506EEA3A289}.Debug|Any CPU.ActiveCfg = Debug|Any CPU
		{D0254712-12E0-4FB3-82CB-1506EEA3A289}.Debug|Any CPU.Build.0 = Debug|Any CPU
		{D0254712-12E0-4FB3-82CB-1506EEA3A289}.Release|Any CPU.ActiveCfg = Release|Any CPU
		{D0254712-12E0-4FB3-82CB-1506EEA3A289}.Release|Any CPU.Build.0 = Release|Any CPU
		{7B4D9F84-7D42-466A-88B5-0428D4961AC2}.Debug|Any CPU.ActiveCfg = Debug|Any CPU
		{7B4D9F84-7D42-466A-88B5-0428D4961AC2}.Debug|Any CPU.Build.0 = Debug|Any CPU
		{7B4D9F84-7D42-466A-88B5-0428D4961AC2}.Release|Any CPU.ActiveCfg = Release|Any CPU
		{7B4D9F84-7D42-466A-88B5-0428D4961AC2}.Release|Any CPU.Build.0 = Release|Any CPU
		{E09B7D77-66B7-4BFA-81CA-C5A343DF3C71}.Debug|Any CPU.ActiveCfg = Debug|Any CPU
		{E09B7D77-66B7-4BFA-81CA-C5A343DF3C71}.Debug|Any CPU.Build.0 = Debug|Any CPU
		{E09B7D77-66B7-4BFA-81CA-C5A343DF3C71}.Release|Any CPU.ActiveCfg = Release|Any CPU
		{E09B7D77-66B7-4BFA-81CA-C5A343DF3C71}.Release|Any CPU.Build.0 = Release|Any CPU
		{96083631-1F7E-4A81-A846-1EF303398CB4}.Debug|Any CPU.ActiveCfg = Debug|Any CPU
		{96083631-1F7E-4A81-A846-1EF303398CB4}.Debug|Any CPU.Build.0 = Debug|Any CPU
		{96083631-1F7E-4A81-A846-1EF303398CB4}.Release|Any CPU.ActiveCfg = Release|Any CPU
		{96083631-1F7E-4A81-A846-1EF303398CB4}.Release|Any CPU.Build.0 = Release|Any CPU
		{629F9030-EBDF-4D1D-877F-7F73C367177B}.Debug|Any CPU.ActiveCfg = Debug|Any CPU
		{629F9030-EBDF-4D1D-877F-7F73C367177B}.Debug|Any CPU.Build.0 = Debug|Any CPU
		{629F9030-EBDF-4D1D-877F-7F73C367177B}.Release|Any CPU.ActiveCfg = Release|Any CPU
		{629F9030-EBDF-4D1D-877F-7F73C367177B}.Release|Any CPU.Build.0 = Release|Any CPU
		{AA9F9565-011C-43E0-A478-52431295E564}.Debug|Any CPU.ActiveCfg = Debug|Any CPU
		{AA9F9565-011C-43E0-A478-52431295E564}.Debug|Any CPU.Build.0 = Debug|Any CPU
		{AA9F9565-011C-43E0-A478-52431295E564}.Release|Any CPU.ActiveCfg = Release|Any CPU
		{AA9F9565-011C-43E0-A478-52431295E564}.Release|Any CPU.Build.0 = Release|Any CPU
	EndGlobalSection
	GlobalSection(SolutionProperties) = preSolution
		HideSolutionNode = FALSE
	EndGlobalSection
	GlobalSection(ExtensibilityGlobals) = postSolution
		SolutionGuid = {D59577E7-C9E9-472E-A58E-52C48CCDCCBB}
	EndGlobalSection
EndGlobal
